// !$*UTF8*$!
{
	archiveVersion = 1;
	classes = {
	};
	objectVersion = 46;
	objects = {

/* Begin PBXBuildFile section */
		377915DF1E560BA000DC7A5F /* AppDelegate.swift in Sources */ = {isa = PBXBuildFile; fileRef = 377915DE1E560BA000DC7A5F /* AppDelegate.swift */; };
		377915E11E560BA000DC7A5F /* ViewController.swift in Sources */ = {isa = PBXBuildFile; fileRef = 377915E01E560BA000DC7A5F /* ViewController.swift */; };
		377915E41E560BA000DC7A5F /* Main.storyboard in Resources */ = {isa = PBXBuildFile; fileRef = 377915E21E560BA000DC7A5F /* Main.storyboard */; };
		377915E61E560BA000DC7A5F /* Assets.xcassets in Resources */ = {isa = PBXBuildFile; fileRef = 377915E51E560BA000DC7A5F /* Assets.xcassets */; };
		377915E91E560BA000DC7A5F /* LaunchScreen.storyboard in Resources */ = {isa = PBXBuildFile; fileRef = 377915E71E560BA000DC7A5F /* LaunchScreen.storyboard */; };
		377915F11E560F9100DC7A5F /* pokemon.csv in Resources */ = {isa = PBXBuildFile; fileRef = 377915F01E560F9100DC7A5F /* pokemon.csv */; };
/* End PBXBuildFile section */

/* Begin PBXFileReference section */
		377915DB1E560BA000DC7A5F /* Pokedex3.app */ = {isa = PBXFileReference; explicitFileType = wrapper.application; includeInIndex = 0; path = Pokedex3.app; sourceTree = BUILT_PRODUCTS_DIR; };
		377915DE1E560BA000DC7A5F /* AppDelegate.swift */ = {isa = PBXFileReference; lastKnownFileType = sourcecode.swift; path = AppDelegate.swift; sourceTree = "<group>"; };
		377915E01E560BA000DC7A5F /* ViewController.swift */ = {isa = PBXFileReference; lastKnownFileType = sourcecode.swift; path = ViewController.swift; sourceTree = "<group>"; };
		377915E31E560BA000DC7A5F /* Base */ = {isa = PBXFileReference; lastKnownFileType = file.storyboard; name = Base; path = Base.lproj/Main.storyboard; sourceTree = "<group>"; };
		377915E51E560BA000DC7A5F /* Assets.xcassets */ = {isa = PBXFileReference; lastKnownFileType = folder.assetcatalog; path = Assets.xcassets; sourceTree = "<group>"; };
		377915E81E560BA000DC7A5F /* Base */ = {isa = PBXFileReference; lastKnownFileType = file.storyboard; name = Base; path = Base.lproj/LaunchScreen.storyboard; sourceTree = "<group>"; };
		377915EA1E560BA000DC7A5F /* Info.plist */ = {isa = PBXFileReference; lastKnownFileType = text.plist.xml; path = Info.plist; sourceTree = "<group>"; };
		377915F01E560F9100DC7A5F /* pokemon.csv */ = {isa = PBXFileReference; fileEncoding = 4; lastKnownFileType = text; path = pokemon.csv; sourceTree = "<group>"; };
/* End PBXFileReference section */

/* Begin PBXFrameworksBuildPhase section */
		377915D81E560BA000DC7A5F /* Frameworks */ = {
			isa = PBXFrameworksBuildPhase;
			buildActionMask = 2147483647;
			files = (
			);
			runOnlyForDeploymentPostprocessing = 0;
		};
/* End PBXFrameworksBuildPhase section */

/* Begin PBXGroup section */
		377915D21E560BA000DC7A5F = {
			isa = PBXGroup;
			children = (
				377915DD1E560BA000DC7A5F /* Pokedex3 */,
				377915DC1E560BA000DC7A5F /* Products */,
			);
			sourceTree = "<group>";
		};
		377915DC1E560BA000DC7A5F /* Products */ = {
			isa = PBXGroup;
			children = (
				377915DB1E560BA000DC7A5F /* Pokedex3.app */,
			);
			name = Products;
			sourceTree = "<group>";
		};
		377915DD1E560BA000DC7A5F /* Pokedex3 */ = {
			isa = PBXGroup;
			children = (
				377915DE1E560BA000DC7A5F /* AppDelegate.swift */,
				377915E01E560BA000DC7A5F /* ViewController.swift */,
				377915E21E560BA000DC7A5F /* Main.storyboard */,
				377915E51E560BA000DC7A5F /* Assets.xcassets */,
				377915F01E560F9100DC7A5F /* pokemon.csv */,
				377915E71E560BA000DC7A5F /* LaunchScreen.storyboard */,
				377915EA1E560BA000DC7A5F /* Info.plist */,
			);
			path = Pokedex3;
			sourceTree = "<group>";
		};
/* End PBXGroup section */

/* Begin PBXNativeTarget section */
		377915DA1E560BA000DC7A5F /* Pokedex3 */ = {
			isa = PBXNativeTarget;
			buildConfigurationList = 377915ED1E560BA000DC7A5F /* Build configuration list for PBXNativeTarget "Pokedex3" */;
			buildPhases = (
				377915D71E560BA000DC7A5F /* Sources */,
				377915D81E560BA000DC7A5F /* Frameworks */,
				377915D91E560BA000DC7A5F /* Resources */,
			);
			buildRules = (
			);
			dependencies = (
			);
			name = Pokedex3;
			productName = Pokedex3;
			productReference = 377915DB1E560BA000DC7A5F /* Pokedex3.app */;
			productType = "com.apple.product-type.application";
		};
/* End PBXNativeTarget section */

/* Begin PBXProject section */
		377915D31E560BA000DC7A5F /* Project object */ = {
			isa = PBXProject;
			attributes = {
				LastSwiftUpdateCheck = 0820;
				LastUpgradeCheck = 0820;
				ORGANIZATIONNAME = JHJService;
				TargetAttributes = {
					377915DA1E560BA000DC7A5F = {
						CreatedOnToolsVersion = 8.2;
						DevelopmentTeam = 9VH48BN2FL;
						ProvisioningStyle = Automatic;
					};
				};
			};
			buildConfigurationList = 377915D61E560BA000DC7A5F /* Build configuration list for PBXProject "Pokedex3" */;
			compatibilityVersion = "Xcode 3.2";
			developmentRegion = English;
			hasScannedForEncodings = 0;
			knownRegions = (
				en,
				Base,
			);
			mainGroup = 377915D21E560BA000DC7A5F;
			productRefGroup = 377915DC1E560BA000DC7A5F /* Products */;
			projectDirPath = "";
			projectRoot = "";
			targets = (
				377915DA1E560BA000DC7A5F /* Pokedex3 */,
			);
		};
/* End PBXProject section */

/* Begin PBXResourcesBuildPhase section */
		377915D91E560BA000DC7A5F /* Resources */ = {
			isa = PBXResourcesBuildPhase;
			buildActionMask = 2147483647;
			files = (
				377915E91E560BA000DC7A5F /* LaunchScreen.storyboard in Resources */,
				377915E61E560BA000DC7A5F /* Assets.xcassets in Resources */,
				377915F11E560F9100DC7A5F /* pokemon.csv in Resources */,
				377915E41E560BA000DC7A5F /* Main.storyboard in Resources */,
			);
			runOnlyForDeploymentPostprocessing = 0;
		};
/* End PBXResourcesBuildPhase section */

/* Begin PBXSourcesBuildPhase section */
		377915D71E560BA000DC7A5F /* Sources */ = {
			isa = PBXSourcesBuildPhase;
			buildActionMask = 2147483647;
			files = (
				377915E11E560BA000DC7A5F /* ViewController.swift in Sources */,
				377915DF1E560BA000DC7A5F /* AppDelegate.swift in Sources */,
			);
			runOnlyForDeploymentPostprocessing = 0;
		};
/* End PBXSourcesBuildPhase section */

/* Begin PBXVariantGroup section */
		377915E21E560BA000DC7A5F /* Main.storyboard */ = {
			isa = PBXVariantGroup;
			children = (
				377915E31E560BA000DC7A5F /* Base */,
			);
			name = Main.storyboard;
			sourceTree = "<group>";
		};
		377915E71E560BA000DC7A5F /* LaunchScreen.storyboard */ = {
			isa = PBXVariantGroup;
			children = (
				377915E81E560BA000DC7A5F /* Base */,
			);
			name = LaunchScreen.storyboard;
			sourceTree = "<group>";
		};
/* End PBXVariantGroup section */

/* Begin XCBuildConfiguration section */
		377915EB1E560BA000DC7A5F /* Debug */ = {
			isa = XCBuildConfiguration;
			buildSettings = {
				ALWAYS_SEARCH_USER_PATHS = NO;
				CLANG_ANALYZER_NONNULL = YES;
				CLANG_CXX_LANGUAGE_STANDARD = "gnu++0x";
				CLANG_CXX_LIBRARY = "libc++";
				CLANG_ENABLE_MODULES = YES;
				CLANG_ENABLE_OBJC_ARC = YES;
				CLANG_WARN_BOOL_CONVERSION = YES;
				CLANG_WARN_CONSTANT_CONVERSION = YES;
				CLANG_WARN_DIRECT_OBJC_ISA_USAGE = YES_ERROR;
				CLANG_WARN_DOCUMENTATION_COMMENTS = YES;
				CLANG_WARN_EMPTY_BODY = YES;
				CLANG_WARN_ENUM_CONVERSION = YES;
				CLANG_WARN_INFINITE_RECURSION = YES;
				CLANG_WARN_INT_CONVERSION = YES;
				CLANG_WARN_OBJC_ROOT_CLASS = YES_ERROR;
				CLANG_WARN_SUSPICIOUS_MOVE = YES;
				CLANG_WARN_UNREACHABLE_CODE = YES;
				CLANG_WARN__DUPLICATE_METHOD_MATCH = YES;
				"CODE_SIGN_IDENTITY[sdk=iphoneos*]" = "iPhone Developer";
				COPY_PHASE_STRIP = NO;
				DEBUG_INFORMATION_FORMAT = dwarf;
				ENABLE_STRICT_OBJC_MSGSEND = YES;
				ENABLE_TESTABILITY = YES;
				GCC_C_LANGUAGE_STANDARD = gnu99;
				GCC_DYNAMIC_NO_PIC = NO;
				GCC_NO_COMMON_BLOCKS = YES;
				GCC_OPTIMIZATION_LEVEL = 0;
				GCC_PREPROCESSOR_DEFINITIONS = (
					"DEBUG=1",
					"$(inherited)",
				);
				GCC_WARN_64_TO_32_BIT_CONVERSION = YES;
				GCC_WARN_ABOUT_RETURN_TYPE = YES_ERROR;
				GCC_WARN_UNDECLARED_SELECTOR = YES;
				GCC_WARN_UNINITIALIZED_AUTOS = YES_AGGRESSIVE;
				GCC_WARN_UNUSED_FUNCTION = YES;
				GCC_WARN_UNUSED_VARIABLE = YES;
				IPHONEOS_DEPLOYMENT_TARGET = 10.2;
				MTL_ENABLE_DEBUG_INFO = YES;
				ONLY_ACTIVE_ARCH = YES;
				SDKROOT = iphoneos;
				SWIFT_ACTIVE_COMPILATION_CONDITIONS = DEBUG;
				SWIFT_OPTIMIZATION_LEVEL = "-Onone";
			};
			name = Debug;
		};
		377915EC1E560BA000DC7A5F /* Release */ = {
			isa = XCBuildConfiguration;
			buildSettings = {
				ALWAYS_SEARCH_USER_PATHS = NO;
				CLANG_ANALYZER_NONNULL = YES;
				CLANG_CXX_LANGUAGE_STANDARD = "gnu++0x";
				CLANG_CXX_LIBRARY = "libc++";
				CLANG_ENABLE_MODULES = YES;
				CLANG_ENABLE_OBJC_ARC = YES;
				CLANG_WARN_BOOL_CONVERSION = YES;
				CLANG_WARN_CONSTANT_CONVERSION = YES;
				CLANG_WARN_DIRECT_OBJC_ISA_USAGE = YES_ERROR;
				CLANG_WARN_DOCUMENTATION_COMMENTS = YES;
				CLANG_WARN_EMPTY_BODY = YES;
				CLANG_WARN_ENUM_CONVERSION = YES;
				CLANG_WARN_INFINITE_RECURSION = YES;
				CLANG_WARN_INT_CONVERSION = YES;
				CLANG_WARN_OBJC_ROOT_CLASS = YES_ERROR;
				CLANG_WARN_SUSPICIOUS_MOVE = YES;
				CLANG_WARN_UNREACHABLE_CODE = YES;
				CLANG_WARN__DUPLICATE_METHOD_MATCH = YES;
				"CODE_SIGN_IDENTITY[sdk=iphoneos*]" = "iPhone Developer";
				COPY_PHASE_STRIP = NO;
				DEBUG_INFORMATION_FORMAT = "dwarf-with-dsym";
				ENABLE_NS_ASSERTIONS = NO;
				ENABLE_STRICT_OBJC_MSGSEND = YES;
				GCC_C_LANGUAGE_STANDARD = gnu99;
				GCC_NO_COMMON_BLOCKS = YES;
				GCC_WARN_64_TO_32_BIT_CONVERSION = YES;
				GCC_WARN_ABOUT_RETURN_TYPE = YES_ERROR;
				GCC_WARN_UNDECLARED_SELECTOR = YES;
				GCC_WARN_UNINITIALIZED_AUTOS = YES_AGGRESSIVE;
				GCC_WARN_UNUSED_FUNCTION = YES;
				GCC_WARN_UNUSED_VARIABLE = YES;
				IPHONEOS_DEPLOYMENT_TARGET = 10.2;
				MTL_ENABLE_DEBUG_INFO = NO;
				SDKROOT = iphoneos;
				SWIFT_OPTIMIZATION_LEVEL = "-Owholemodule";
				VALIDATE_PRODUCT = YES;
			};
			name = Release;
		};
		377915EE1E560BA000DC7A5F /* Debug */ = {
			isa = XCBuildConfiguration;
			buildSettings = {
				ASSETCATALOG_COMPILER_APPICON_NAME = AppIcon;
				DEVELOPMENT_TEAM = 9VH48BN2FL;
				INFOPLIST_FILE = Pokedex3/Info.plist;
				IPHONEOS_DEPLOYMENT_TARGET = 9.3;
				LD_RUNPATH_SEARCH_PATHS = "$(inherited) @executable_path/Frameworks";
				PRODUCT_BUNDLE_IDENTIFIER = com.JHJService.Pokedex3;
				PRODUCT_NAME = "$(TARGET_NAME)";
				SWIFT_VERSION = 3.0;
			};
			name = Debug;
		};
		377915EF1E560BA000DC7A5F /* Release */ = {
			isa = XCBuildConfiguration;
			buildSettings = {
				ASSETCATALOG_COMPILER_APPICON_NAME = AppIcon;
				DEVELOPMENT_TEAM = 9VH48BN2FL;
				INFOPLIST_FILE = Pokedex3/Info.plist;
				IPHONEOS_DEPLOYMENT_TARGET = 9.3;
				LD_RUNPATH_SEARCH_PATHS = "$(inherited) @executable_path/Frameworks";
				PRODUCT_BUNDLE_IDENTIFIER = com.JHJService.Pokedex3;
				PRODUCT_NAME = "$(TARGET_NAME)";
				SWIFT_VERSION = 3.0;
			};
			name = Release;
		};
/* End XCBuildConfiguration section */

/* Begin XCConfigurationList section */
		377915D61E560BA000DC7A5F /* Build configuration list for PBXProject "Pokedex3" */ = {
			isa = XCConfigurationList;
			buildConfigurations = (
				377915EB1E560BA000DC7A5F /* Debug */,
				377915EC1E560BA000DC7A5F /* Release */,
			);
			defaultConfigurationIsVisible = 0;
			defaultConfigurationName = Release;
		};
		377915ED1E560BA000DC7A5F /* Build configuration list for PBXNativeTarget "Pokedex3" */ = {
			isa = XCConfigurationList;
			buildConfigurations = (
				377915EE1E560BA000DC7A5F /* Debug */,
				377915EF1E560BA000DC7A5F /* Release */,
			);
			defaultConfigurationIsVisible = 0;
		};
/* End XCConfigurationList section */
	};
	rootObject = 377915D31E560BA000DC7A5F /* Project object */;
}
